
Microsoft Visual Studio Solution File, Format Version 12.00
Project("{FAE04EC0-301F-11D3-BF4B-00C04F79EFBC}") = "WebApp.Server", "WebApp\Server\WebApp.Server.csproj", "{397C2649-1A75-48C7-806C-A8B5CA38E051}"
EndProject
Project("{FAE04EC0-301F-11D3-BF4B-00C04F79EFBC}") = "WebApp.Client", "WebApp\Client\WebApp.Client.csproj", "{BE8D79F5-AEFF-4C85-B331-D690E9FB9197}"
EndProject
Project("{FAE04EC0-301F-11D3-BF4B-00C04F79EFBC}") = "WebApp.Shared", "WebApp\Shared\WebApp.Shared.csproj", "{9CAEA657-4B6D-42DB-8A3D-208982CA7E5F}"
EndProject
Project("{FAE04EC0-301F-11D3-BF4B-00C04F79EFBC}") = "Models", "Models\Models.csproj", "{F7D2AD90-0D03-477C-922D-8C375DDA45D2}"
EndProject
Global
	GlobalSection(SolutionConfigurationPlatforms) = preSolution
		Debug|Any CPU = Debug|Any CPU
		Release|Any CPU = Release|Any CPU
	EndGlobalSection
	GlobalSection(ProjectConfigurationPlatforms) = postSolution
		{397C2649-1A75-48C7-806C-A8B5CA38E051}.Debug|Any CPU.ActiveCfg = Debug|Any CPU
		{397C2649-1A75-48C7-806C-A8B5CA38E051}.Debug|Any CPU.Build.0 = Debug|Any CPU
		{397C2649-1A75-48C7-806C-A8B5CA38E051}.Release|Any CPU.ActiveCfg = Release|Any CPU
		{397C2649-1A75-48C7-806C-A8B5CA38E051}.Release|Any CPU.Build.0 = Release|Any CPU
		{BE8D79F5-AEFF-4C85-B331-D690E9FB9197}.Debug|Any CPU.ActiveCfg = Debug|Any CPU
		{BE8D79F5-AEFF-4C85-B331-D690E9FB9197}.Debug|Any CPU.Build.0 = Debug|Any CPU
		{BE8D79F5-AEFF-4C85-B331-D690E9FB9197}.Release|Any CPU.ActiveCfg = Release|Any CPU
		{BE8D79F5-AEFF-4C85-B331-D690E9FB9197}.Release|Any CPU.Build.0 = Release|Any CPU
		{9CAEA657-4B6D-42DB-8A3D-208982CA7E5F}.Debug|Any CPU.ActiveCfg = Debug|Any CPU
		{9CAEA657-4B6D-42DB-8A3D-208982CA7E5F}.Debug|Any CPU.Build.0 = Debug|Any CPU
		{9CAEA657-4B6D-42DB-8A3D-208982CA7E5F}.Release|Any CPU.ActiveCfg = Release|Any CPU
		{9CAEA657-4B6D-42DB-8A3D-208982CA7E5F}.Release|Any CPU.Build.0 = Release|Any CPU
		{F7D2AD90-0D03-477C-922D-8C375DDA45D2}.Debug|Any CPU.ActiveCfg = Debug|Any CPU
		{F7D2AD90-0D03-477C-922D-8C375DDA45D2}.Debug|Any CPU.Build.0 = Debug|Any CPU
		{F7D2AD90-0D03-477C-922D-8C375DDA45D2}.Release|Any CPU.ActiveCfg = Release|Any CPU
		{F7D2AD90-0D03-477C-922D-8C375DDA45D2}.Release|Any CPU.Build.0 = Release|Any CPU
	EndGlobalSection
EndGlobal
